
Microsoft Visual Studio Solution File, Format Version 12.00
# Visual Studio 14
VisualStudioVersion = 14.0.23107.0
MinimumVisualStudioVersion = 10.0.40219.1
Project("{E24C65DC-7377-472B-9ABA-BC803B73C61A}") = "Clifton_Cart", "..\..\WebSites\Clifton_Cart\", "{FB063210-FB99-416A-A3FF-CD9FD81F3148}"
	ProjectSection(WebsiteProperties) = preProject
		TargetFrameworkMoniker = ".NETFramework,Version%3Dv4.5.2"
		Debug.AspNetCompiler.VirtualPath = "/localhost_62129"
		Debug.AspNetCompiler.PhysicalPath = "..\..\WebSites\Clifton_Cart\"
		Debug.AspNetCompiler.TargetPath = "PrecompiledWeb\localhost_62129\"
		Debug.AspNetCompiler.Updateable = "true"
		Debug.AspNetCompiler.ForceOverwrite = "true"
		Debug.AspNetCompiler.FixedNames = "false"
		Debug.AspNetCompiler.Debug = "True"
		Release.AspNetCompiler.VirtualPath = "/localhost_62129"
		Release.AspNetCompiler.PhysicalPath = "..\..\WebSites\Clifton_Cart\"
		Release.AspNetCompiler.TargetPath = "PrecompiledWeb\localhost_62129\"
		Release.AspNetCompiler.Updateable = "true"
		Release.AspNetCompiler.ForceOverwrite = "true"
		Release.AspNetCompiler.FixedNames = "false"
		Release.AspNetCompiler.Debug = "False"
		VWDPort = "62129"
		SlnRelativePath = "..\..\WebSites\Clifton_Cart\"
		DefaultWebSiteLanguage = "Visual C#"
	EndProjectSection
EndProject
Global
	GlobalSection(SolutionConfigurationPlatforms) = preSolution
		Debug|Any CPU = Debug|Any CPU
	EndGlobalSection
	GlobalSection(ProjectConfigurationPlatforms) = postSolution
		{FB063210-FB99-416A-A3FF-CD9FD81F3148}.Debug|Any CPU.ActiveCfg = Debug|Any CPU
		{FB063210-FB99-416A-A3FF-CD9FD81F3148}.Debug|Any CPU.Build.0 = Debug|Any CPU
	EndGlobalSection
	GlobalSection(SolutionProperties) = preSolution
		HideSolutionNode = FALSE
	EndGlobalSection
EndGlobal
